{
  "R": {
    "Version": "4.5.3",
    "Repositories": [
      {
        "Name": "CRAN",
        "URL": "https://cloud.r-project.org"
      },
      {
        "Name": "BioCsoft",
        "URL": "https://bioconductor.org/packages/3.22/bioc"
      }
    ]
  },
  "Bioconductor": {
    "Version": "3.22"
  },
  "Packages": {
    "shiny": {
      "Package": "shiny",
      "Version": "1.14.0",
      "Source": "Repository",
      "Repository": "CRAN"
    },
    "tidyverse": {
      "Package": "tidyverse",
      "Version": "2.0.0",
      "Source": "Repository",
      "Repository": "CRAN"
    },
    "janitor": {
      "Package": "janitor",
      "Version": "2.2.1",
      "Source": "Repository",
      "Repository": "CRAN"
    },
    "readr": {
      "Package": "readr",
      "Version": "2.2.0",
      "Source": "Repository",
      "Repository": "CRAN"
    },
    "ggrepel": {
      "Package": "ggrepel",
      "Version": "0.9.8",
      "Source": "Repository",
      "Repository": "CRAN"
    },
    "ggplot2": {
      "Package": "ggplot2",
      "Version": "4.0.3",
      "Source": "Repository",
      "Repository": "CRAN"
    },
    "readxl": {
      "Package": "readxl",
      "Version": "1.5.0.1",
      "Source": "Repository",
      "Repository": "CRAN"
    },
    "scales": {
      "Package": "scales",
      "Version": "1.4.0",
      "Source": "Repository",
      "Repository": "CRAN"
    },
    "zip": {
      "Package": "zip",
      "Version": "3.0.2",
      "Source": "Repository",
      "Repository": "CRAN"
    },
    "DT": {
      "Package": "DT",
      "Version": "0.34.0",
      "Source": "Repository",
      "Repository": "CRAN"
    },
    "shinyFeedback": {
      "Package": "shinyFeedback",
      "Version": "0.4.0",
      "Source": "Repository",
      "Repository": "CRAN"
    },
    "edgeR": {
      "Package": "edgeR",
      "Version": "4.8.2",
      "Source": "Bioconductor",
      "Repository": "Bioconductor 3.22"
    }
  }
}
